
Microsoft Visual Studio Solution File, Format Version 12.00
# Visual Studio Version 17
VisualStudioVersion = 17.5.33414.496
MinimumVisualStudioVersion = 10.0.40219.1
Project("{9A19103F-16F7-4668-BE54-9A1E7A4F7556}") = "Game", "..\LevelEditor\Game.csproj", "{C1F80DB5-CBD2-4185-B3E9-EDC08BB41224}"
EndProject
Global
	GlobalSection(SolutionConfigurationPlatforms) = preSolution
		Debug|Any CPU = Debug|Any CPU
		Release|Any CPU = Release|Any CPU
	EndGlobalSection
	GlobalSection(ProjectConfigurationPlatforms) = postSolution
		{C1F80DB5-CBD2-4185-B3E9-EDC08BB41224}.Debug|Any CPU.ActiveCfg = Debug|Any CPU
		{C1F80DB5-CBD2-4185-B3E9-EDC08BB41224}.Debug|Any CPU.Build.0 = Debug|Any CPU
		{C1F80DB5-CBD2-4185-B3E9-EDC08BB41224}.Release|Any CPU.ActiveCfg = Release|Any CPU
		{C1F80DB5-CBD2-4185-B3E9-EDC08BB41224}.Release|Any CPU.Build.0 = Release|Any CPU
	EndGlobalSection
	GlobalSection(SolutionProperties) = preSolution
		HideSolutionNode = FALSE
	EndGlobalSection
	GlobalSection(ExtensibilityGlobals) = postSolution
		SolutionGuid = {B2DC9695-240D-48EB-AC16-368F0DEF26C8}
	EndGlobalSection
EndGlobal
